// !$*UTF8*$!
{
	archiveVersion = 1;
	classes = {
	};
	objectVersion = 51;
	objects = {

/* Begin PBXBuildFile section */
		124C3086BA8A44265C42EE6D /* Pods_flixsterTests.framework in Frameworks */ = {isa = PBXBuildFile; fileRef = E90AE6C92BD0F7AE96BB47D4 /* Pods_flixsterTests.framework */; };
		14855635BF83723BC713FF57 /* Pods_flixster_flixsterUITests.framework in Frameworks */ = {isa = PBXBuildFile; fileRef = E9F011C87E46E1041CE51CC8 /* Pods_flixster_flixsterUITests.framework */; };
		5D984EA7244A2B2500CECC37 /* MovieDetailsViewController.swift in Sources */ = {isa = PBXBuildFile; fileRef = 5D984EA6244A2B2500CECC37 /* MovieDetailsViewController.swift */; };
		5DA35574244BD0DB00D95046 /* MovieGridViewController.swift in Sources */ = {isa = PBXBuildFile; fileRef = 5DA35573244BD0DB00D95046 /* MovieGridViewController.swift */; };
		5DA35578244E3FF100D95046 /* MovieGridCell.swift in Sources */ = {isa = PBXBuildFile; fileRef = 5DA35577244E3FF100D95046 /* MovieGridCell.swift */; };
		5DAF869C24467EB3003053D7 /* AppDelegate.swift in Sources */ = {isa = PBXBuildFile; fileRef = 5DAF869B24467EB3003053D7 /* AppDelegate.swift */; };
		5DAF869E24467EB3003053D7 /* SceneDelegate.swift in Sources */ = {isa = PBXBuildFile; fileRef = 5DAF869D24467EB3003053D7 /* SceneDelegate.swift */; };
		5DAF86A024467EB3003053D7 /* ViewController.swift in Sources */ = {isa = PBXBuildFile; fileRef = 5DAF869F24467EB3003053D7 /* ViewController.swift */; };
		5DAF86A324467EB3003053D7 /* Main.storyboard in Resources */ = {isa = PBXBuildFile; fileRef = 5DAF86A124467EB3003053D7 /* Main.storyboard */; };
		5DAF86A524467EB6003053D7 /* Assets.xcassets in Resources */ = {isa = PBXBuildFile; fileRef = 5DAF86A424467EB6003053D7 /* Assets.xcassets */; };
		5DAF86A824467EB6003053D7 /* LaunchScreen.storyboard in Resources */ = {isa = PBXBuildFile; fileRef = 5DAF86A624467EB6003053D7 /* LaunchScreen.storyboard */; };
		5DAF86B324467EB6003053D7 /* flixsterTests.swift in Sources */ = {isa = PBXBuildFile; fileRef = 5DAF86B224467EB6003053D7 /* flixsterTests.swift */; };
		5DAF86BE24467EB6003053D7 /* flixsterUITests.swift in Sources */ = {isa = PBXBuildFile; fileRef = 5DAF86BD24467EB6003053D7 /* flixsterUITests.swift */; };
		5DAF86CC24468152003053D7 /* MoviesViewController.swift in Sources */ = {isa = PBXBuildFile; fileRef = 5DAF86CB24468152003053D7 /* MoviesViewController.swift */; };
		5DD24E6B2446C43F00F504C0 /* MovieCell.swift in Sources */ = {isa = PBXBuildFile; fileRef = 5DD24E6A2446C43F00F504C0 /* MovieCell.swift */; };
		D556708F43D5B5C7CBE918A3 /* Pods_flixster.framework in Frameworks */ = {isa = PBXBuildFile; fileRef = C0E5E1AAE6C630A6D64C2206 /* Pods_flixster.framework */; };
/* End PBXBuildFile section */

/* Begin PBXContainerItemProxy section */
		5DAF86AF24467EB6003053D7 /* PBXContainerItemProxy */ = {
			isa = PBXContainerItemProxy;
			containerPortal = 5DAF869024467EB3003053D7 /* Project object */;
			proxyType = 1;
			remoteGlobalIDString = 5DAF869724467EB3003053D7;
			remoteInfo = flixster;
		};
		5DAF86BA24467EB6003053D7 /* PBXContainerItemProxy */ = {
			isa = PBXContainerItemProxy;
			containerPortal = 5DAF869024467EB3003053D7 /* Project object */;
			proxyType = 1;
			remoteGlobalIDString = 5DAF869724467EB3003053D7;
			remoteInfo = flixster;
		};
/* End PBXContainerItemProxy section */

/* Begin PBXFileReference section */
		0A75E68570B8DFC3E0A4CA1B /* Pods-flixster-flixsterUITests.release.xcconfig */ = {isa = PBXFileReference; includeInIndex = 1; lastKnownFileType = text.xcconfig; name = "Pods-flixster-flixsterUITests.release.xcconfig"; path = "Target Support Files/Pods-flixster-flixsterUITests/Pods-flixster-flixsterUITests.release.xcconfig"; sourceTree = "<group>"; };
		31117F015BF06D6F78609808 /* Pods-flixster-flixsterUITests.debug.xcconfig */ = {isa = PBXFileReference; includeInIndex = 1; lastKnownFileType = text.xcconfig; name = "Pods-flixster-flixsterUITests.debug.xcconfig"; path = "Target Support Files/Pods-flixster-flixsterUITests/Pods-flixster-flixsterUITests.debug.xcconfig"; sourceTree = "<group>"; };
		5D984EA6244A2B2500CECC37 /* MovieDetailsViewController.swift */ = {isa = PBXFileReference; fileEncoding = 4; lastKnownFileType = sourcecode.swift; path = MovieDetailsViewController.swift; sourceTree = "<group>"; };
		5DA35573244BD0DB00D95046 /* MovieGridViewController.swift */ = {isa = PBXFileReference; lastKnownFileType = sourcecode.swift; path = MovieGridViewController.swift; sourceTree = "<group>"; };
		5DA35577244E3FF100D95046 /* MovieGridCell.swift */ = {isa = PBXFileReference; lastKnownFileType = sourcecode.swift; path = MovieGridCell.swift; sourceTree = "<group>"; };
		5DAF869824467EB3003053D7 /* flixster.app */ = {isa = PBXFileReference; explicitFileType = wrapper.application; includeInIndex = 0; path = flixster.app; sourceTree = BUILT_PRODUCTS_DIR; };
		5DAF869B24467EB3003053D7 /* AppDelegate.swift */ = {isa = PBXFileReference; lastKnownFileType = sourcecode.swift; path = AppDelegate.swift; sourceTree = "<group>"; };
		5DAF869D24467EB3003053D7 /* SceneDelegate.swift */ = {isa = PBXFileReference; lastKnownFileType = sourcecode.swift; path = SceneDelegate.swift; sourceTree = "<group>"; };
		5DAF869F24467EB3003053D7 /* ViewController.swift */ = {isa = PBXFileReference; lastKnownFileType = sourcecode.swift; path = ViewController.swift; sourceTree = "<group>"; };
		5DAF86A224467EB3003053D7 /* Base */ = {isa = PBXFileReference; lastKnownFileType = file.storyboard; name = Base; path = Base.lproj/Main.storyboard; sourceTree = "<group>"; };
		5DAF86A424467EB6003053D7 /* Assets.xcassets */ = {isa = PBXFileReference; lastKnownFileType = folder.assetcatalog; path = Assets.xcassets; sourceTree = "<group>"; };
		5DAF86A724467EB6003053D7 /* Base */ = {isa = PBXFileReference; lastKnownFileType = file.storyboard; name = Base; path = Base.lproj/LaunchScreen.storyboard; sourceTree = "<group>"; };
		5DAF86A924467EB6003053D7 /* Info.plist */ = {isa = PBXFileReference; lastKnownFileType = text.plist.xml; path = Info.plist; sourceTree = "<group>"; };
		5DAF86AE24467EB6003053D7 /* flixsterTests.xctest */ = {isa = PBXFileReference; explicitFileType = wrapper.cfbundle; includeInIndex = 0; path = flixsterTests.xctest; sourceTree = BUILT_PRODUCTS_DIR; };
		5DAF86B224467EB6003053D7 /* flixsterTests.swift */ = {isa = PBXFileReference; lastKnownFileType = sourcecode.swift; path = flixsterTests.swift; sourceTree = "<group>"; };
		5DAF86B424467EB6003053D7 /* Info.plist */ = {isa = PBXFileReference; lastKnownFileType = text.plist.xml; path = Info.plist; sourceTree = "<group>"; };
		5DAF86B924467EB6003053D7 /* flixsterUITests.xctest */ = {isa = PBXFileReference; explicitFileType = wrapper.cfbundle; includeInIndex = 0; path = flixsterUITests.xctest; sourceTree = BUILT_PRODUCTS_DIR; };
		5DAF86BD24467EB6003053D7 /* flixsterUITests.swift */ = {isa = PBXFileReference; lastKnownFileType = sourcecode.swift; path = flixsterUITests.swift; sourceTree = "<group>"; };
		5DAF86BF24467EB6003053D7 /* Info.plist */ = {isa = PBXFileReference; lastKnownFileType = text.plist.xml; path = Info.plist; sourceTree = "<group>"; };
		5DAF86CB24468152003053D7 /* MoviesViewController.swift */ = {isa = PBXFileReference; lastKnownFileType = sourcecode.swift; path = MoviesViewController.swift; sourceTree = "<group>"; };
		5DD24E6A2446C43F00F504C0 /* MovieCell.swift */ = {isa = PBXFileReference; lastKnownFileType = sourcecode.swift; path = MovieCell.swift; sourceTree = "<group>"; };
		91A69CFAFCBC12DCE526E7DC /* Pods-flixsterTests.debug.xcconfig */ = {isa = PBXFileReference; includeInIndex = 1; lastKnownFileType = text.xcconfig; name = "Pods-flixsterTests.debug.xcconfig"; path = "Target Support Files/Pods-flixsterTests/Pods-flixsterTests.debug.xcconfig"; sourceTree = "<group>"; };
		B1E11FA088D8F9C716809BD5 /* Pods-flixsterTests.release.xcconfig */ = {isa = PBXFileReference; includeInIndex = 1; lastKnownFileType = text.xcconfig; name = "Pods-flixsterTests.release.xcconfig"; path = "Target Support Files/Pods-flixsterTests/Pods-flixsterTests.release.xcconfig"; sourceTree = "<group>"; };
		C0B865D3493BA5B046CA4851 /* Pods-flixster.debug.xcconfig */ = {isa = PBXFileReference; includeInIndex = 1; lastKnownFileType = text.xcconfig; name = "Pods-flixster.debug.xcconfig"; path = "Target Support Files/Pods-flixster/Pods-flixster.debug.xcconfig"; sourceTree = "<group>"; };
		C0E5E1AAE6C630A6D64C2206 /* Pods_flixster.framework */ = {isa = PBXFileReference; explicitFileType = wrapper.framework; includeInIndex = 0; path = Pods_flixster.framework; sourceTree = BUILT_PRODUCTS_DIR; };
		C3AF5D1691CD66B4CAE1BF77 /* Pods-flixster.release.xcconfig */ = {isa = PBXFileReference; includeInIndex = 1; lastKnownFileType = text.xcconfig; name = "Pods-flixster.release.xcconfig"; path = "Target Support Files/Pods-flixster/Pods-flixster.release.xcconfig"; sourceTree = "<group>"; };
		E90AE6C92BD0F7AE96BB47D4 /* Pods_flixsterTests.framework */ = {isa = PBXFileReference; explicitFileType = wrapper.framework; includeInIndex = 0; path = Pods_flixsterTests.framework; sourceTree = BUILT_PRODUCTS_DIR; };
		E9F011C87E46E1041CE51CC8 /* Pods_flixster_flixsterUITests.framework */ = {isa = PBXFileReference; explicitFileType = wrapper.framework; includeInIndex = 0; path = Pods_flixster_flixsterUITests.framework; sourceTree = BUILT_PRODUCTS_DIR; };
/* End PBXFileReference section */

/* Begin PBXFrameworksBuildPhase section */
		5DAF869524467EB3003053D7 /* Frameworks */ = {
			isa = PBXFrameworksBuildPhase;
			buildActionMask = 2147483647;
			files = (
				D556708F43D5B5C7CBE918A3 /* Pods_flixster.framework in Frameworks */,
			);
			runOnlyForDeploymentPostprocessing = 0;
		};
		5DAF86AB24467EB6003053D7 /* Frameworks */ = {
			isa = PBXFrameworksBuildPhase;
			buildActionMask = 2147483647;
			files = (
				124C3086BA8A44265C42EE6D /* Pods_flixsterTests.framework in Frameworks */,
			);
			runOnlyForDeploymentPostprocessing = 0;
		};
		5DAF86B624467EB6003053D7 /* Frameworks */ = {
			isa = PBXFrameworksBuildPhase;
			buildActionMask = 2147483647;
			files = (
				14855635BF83723BC713FF57 /* Pods_flixster_flixsterUITests.framework in Frameworks */,
			);
			runOnlyForDeploymentPostprocessing = 0;
		};
/* End PBXFrameworksBuildPhase section */

/* Begin PBXGroup section */
		0C4BD9A1F28EA790473AADDD /* Frameworks */ = {
			isa = PBXGroup;
			children = (
				C0E5E1AAE6C630A6D64C2206 /* Pods_flixster.framework */,
				E9F011C87E46E1041CE51CC8 /* Pods_flixster_flixsterUITests.framework */,
				E90AE6C92BD0F7AE96BB47D4 /* Pods_flixsterTests.framework */,
			);
			name = Frameworks;
			sourceTree = "<group>";
		};
		5DAF868F24467EB3003053D7 = {
			isa = PBXGroup;
			children = (
				5DAF869A24467EB3003053D7 /* flixster */,
				5DAF86B124467EB6003053D7 /* flixsterTests */,
				5DAF86BC24467EB6003053D7 /* flixsterUITests */,
				5DAF869924467EB3003053D7 /* Products */,
				761A99CD82E6E15A348C2A77 /* Pods */,
				0C4BD9A1F28EA790473AADDD /* Frameworks */,
			);
			sourceTree = "<group>";
		};
		5DAF869924467EB3003053D7 /* Products */ = {
			isa = PBXGroup;
			children = (
				5DAF869824467EB3003053D7 /* flixster.app */,
				5DAF86AE24467EB6003053D7 /* flixsterTests.xctest */,
				5DAF86B924467EB6003053D7 /* flixsterUITests.xctest */,
			);
			name = Products;
			sourceTree = "<group>";
		};
		5DAF869A24467EB3003053D7 /* flixster */ = {
			isa = PBXGroup;
			children = (
				5DAF869B24467EB3003053D7 /* AppDelegate.swift */,
				5DAF869D24467EB3003053D7 /* SceneDelegate.swift */,
				5DAF869F24467EB3003053D7 /* ViewController.swift */,
				5DAF86A124467EB3003053D7 /* Main.storyboard */,
				5DAF86A424467EB6003053D7 /* Assets.xcassets */,
				5DAF86A624467EB6003053D7 /* LaunchScreen.storyboard */,
				5DAF86A924467EB6003053D7 /* Info.plist */,
				5DAF86CB24468152003053D7 /* MoviesViewController.swift */,
				5DD24E6A2446C43F00F504C0 /* MovieCell.swift */,
				5D984EA6244A2B2500CECC37 /* MovieDetailsViewController.swift */,
				5DA35573244BD0DB00D95046 /* MovieGridViewController.swift */,
				5DA35577244E3FF100D95046 /* MovieGridCell.swift */,
			);
			path = flixster;
			sourceTree = "<group>";
		};
		5DAF86B124467EB6003053D7 /* flixsterTests */ = {
			isa = PBXGroup;
			children = (
				5DAF86B224467EB6003053D7 /* flixsterTests.swift */,
				5DAF86B424467EB6003053D7 /* Info.plist */,
			);
			path = flixsterTests;
			sourceTree = "<group>";
		};
		5DAF86BC24467EB6003053D7 /* flixsterUITests */ = {
			isa = PBXGroup;
			children = (
				5DAF86BD24467EB6003053D7 /* flixsterUITests.swift */,
				5DAF86BF24467EB6003053D7 /* Info.plist */,
			);
			path = flixsterUITests;
			sourceTree = "<group>";
		};
		761A99CD82E6E15A348C2A77 /* Pods */ = {
			isa = PBXGroup;
			children = (
				C0B865D3493BA5B046CA4851 /* Pods-flixster.debug.xcconfig */,
				C3AF5D1691CD66B4CAE1BF77 /* Pods-flixster.release.xcconfig */,
				31117F015BF06D6F78609808 /* Pods-flixster-flixsterUITests.debug.xcconfig */,
				0A75E68570B8DFC3E0A4CA1B /* Pods-flixster-flixsterUITests.release.xcconfig */,
				91A69CFAFCBC12DCE526E7DC /* Pods-flixsterTests.debug.xcconfig */,
				B1E11FA088D8F9C716809BD5 /* Pods-flixsterTests.release.xcconfig */,
			);
			path = Pods;
			sourceTree = "<group>";
		};
/* End PBXGroup section */

/* Begin PBXNativeTarget section */
		5DAF869724467EB3003053D7 /* flixster */ = {
			isa = PBXNativeTarget;
			buildConfigurationList = 5DAF86C224467EB6003053D7 /* Build configuration list for PBXNativeTarget "flixster" */;
			buildPhases = (
				4AFEA3CF59FEE31B2D8B92C9 /* [CP] Check Pods Manifest.lock */,
				5DAF869424467EB3003053D7 /* Sources */,
				5DAF869524467EB3003053D7 /* Frameworks */,
				5DAF869624467EB3003053D7 /* Resources */,
				4020DFF7AF5E88CC47B6CFE2 /* [CP] Embed Pods Frameworks */,
			);
			buildRules = (
			);
			dependencies = (
			);
			name = flixster;
			productName = flixster;
			productReference = 5DAF869824467EB3003053D7 /* flixster.app */;
			productType = "com.apple.product-type.application";
		};
		5DAF86AD24467EB6003053D7 /* flixsterTests */ = {
			isa = PBXNativeTarget;
			buildConfigurationList = 5DAF86C524467EB6003053D7 /* Build configuration list for PBXNativeTarget "flixsterTests" */;
			buildPhases = (
				57E23CD3E52C9FF652E5052F /* [CP] Check Pods Manifest.lock */,
				5DAF86AA24467EB6003053D7 /* Sources */,
				5DAF86AB24467EB6003053D7 /* Frameworks */,
				5DAF86AC24467EB6003053D7 /* Resources */,
			);
			buildRules = (
			);
			dependencies = (
				5DAF86B024467EB6003053D7 /* PBXTargetDependency */,
			);
			name = flixsterTests;
			productName = flixsterTests;
			productReference = 5DAF86AE24467EB6003053D7 /* flixsterTests.xctest */;
			productType = "com.apple.product-type.bundle.unit-test";
		};
		5DAF86B824467EB6003053D7 /* flixsterUITests */ = {
			isa = PBXNativeTarget;
			buildConfigurationList = 5DAF86C824467EB6003053D7 /* Build configuration list for PBXNativeTarget "flixsterUITests" */;
			buildPhases = (
				F34226C4CD03494C0A3E6AC7 /* [CP] Check Pods Manifest.lock */,
				5DAF86B524467EB6003053D7 /* Sources */,
				5DAF86B624467EB6003053D7 /* Frameworks */,
				5DAF86B724467EB6003053D7 /* Resources */,
				819962C821C363565369F555 /* [CP] Embed Pods Frameworks */,
			);
			buildRules = (
			);
			dependencies = (
				5DAF86BB24467EB6003053D7 /* PBXTargetDependency */,
			);
			name = flixsterUITests;
			productName = flixsterUITests;
			productReference = 5DAF86B924467EB6003053D7 /* flixsterUITests.xctest */;
			productType = "com.apple.product-type.bundle.ui-testing";
		};
/* End PBXNativeTarget section */

/* Begin PBXProject section */
		5DAF869024467EB3003053D7 /* Project object */ = {
			isa = PBXProject;
			attributes = {
				LastSwiftUpdateCheck = 1140;
				LastUpgradeCheck = 1140;
				ORGANIZATIONNAME = magic;
				TargetAttributes = {
					5DAF869724467EB3003053D7 = {
						CreatedOnToolsVersion = 11.4;
					};
					5DAF86AD24467EB6003053D7 = {
						CreatedOnToolsVersion = 11.4;
						TestTargetID = 5DAF869724467EB3003053D7;
					};
					5DAF86B824467EB6003053D7 = {
						CreatedOnToolsVersion = 11.4;
						TestTargetID = 5DAF869724467EB3003053D7;
					};
				};
			};
			buildConfigurationList = 5DAF869324467EB3003053D7 /* Build configuration list for PBXProject "flixster" */;
			compatibilityVersion = "Xcode 9.3";
			developmentRegion = en;
			hasScannedForEncodings = 0;
			knownRegions = (
				en,
				Base,
			);
			mainGroup = 5DAF868F24467EB3003053D7;
			productRefGroup = 5DAF869924467EB3003053D7 /* Products */;
			projectDirPath = "";
			projectRoot = "";
			targets = (
				5DAF869724467EB3003053D7 /* flixster */,
				5DAF86AD24467EB6003053D7 /* flixsterTests */,
				5DAF86B824467EB6003053D7 /* flixsterUITests */,
			);
		};
/* End PBXProject section */

/* Begin PBXResourcesBuildPhase section */
		5DAF869624467EB3003053D7 /* Resources */ = {
			isa = PBXResourcesBuildPhase;
			buildActionMask = 2147483647;
			files = (
				5DAF86A824467EB6003053D7 /* LaunchScreen.storyboard in Resources */,
				5DAF86A524467EB6003053D7 /* Assets.xcassets in Resources */,
				5DAF86A324467EB3003053D7 /* Main.storyboard in Resources */,
			);
			runOnlyForDeploymentPostprocessing = 0;
		};
		5DAF86AC24467EB6003053D7 /* Resources */ = {
			isa = PBXResourcesBuildPhase;
			buildActionMask = 2147483647;
			files = (
			);
			runOnlyForDeploymentPostprocessing = 0;
		};
		5DAF86B724467EB6003053D7 /* Resources */ = {
			isa = PBXResourcesBuildPhase;
			buildActionMask = 2147483647;
			files = (
			);
			runOnlyForDeploymentPostprocessing = 0;
		};
/* End PBXResourcesBuildPhase section */

/* Begin PBXShellScriptBuildPhase section */
		4020DFF7AF5E88CC47B6CFE2 /* [CP] Embed Pods Frameworks */ = {
			isa = PBXShellScriptBuildPhase;
			buildActionMask = 2147483647;
			files = (
			);
			inputFileListPaths = (
				"${PODS_ROOT}/Target Support Files/Pods-flixster/Pods-flixster-frameworks-${CONFIGURATION}-input-files.xcfilelist",
			);
			name = "[CP] Embed Pods Frameworks";
			outputFileListPaths = (
				"${PODS_ROOT}/Target Support Files/Pods-flixster/Pods-flixster-frameworks-${CONFIGURATION}-output-files.xcfilelist",
			);
			runOnlyForDeploymentPostprocessing = 0;
			shellPath = /bin/sh;
			shellScript = "\"${PODS_ROOT}/Target Support Files/Pods-flixster/Pods-flixster-frameworks.sh\"\n";
			showEnvVarsInLog = 0;
		};
		4AFEA3CF59FEE31B2D8B92C9 /* [CP] Check Pods Manifest.lock */ = {
			isa = PBXShellScriptBuildPhase;
			buildActionMask = 2147483647;
			files = (
			);
			inputFileListPaths = (
			);
			inputPaths = (
				"${PODS_PODFILE_DIR_PATH}/Podfile.lock",
				"${PODS_ROOT}/Manifest.lock",
			);
			name = "[CP] Check Pods Manifest.lock";
			outputFileListPaths = (
			);
			outputPaths = (
				"$(DERIVED_FILE_DIR)/Pods-flixster-checkManifestLockResult.txt",
			);
			runOnlyForDeploymentPostprocessing = 0;
			shellPath = /bin/sh;
			shellScript = "diff \"${PODS_PODFILE_DIR_PATH}/Podfile.lock\" \"${PODS_ROOT}/Manifest.lock\" > /dev/null\nif [ $? != 0 ] ; then\n    # print error to STDERR\n    echo \"error: The sandbox is not in sync with the Podfile.lock. Run 'pod install' or update your CocoaPods installation.\" >&2\n    exit 1\nfi\n# This output is used by Xcode 'outputs' to avoid re-running this script phase.\necho \"SUCCESS\" > \"${SCRIPT_OUTPUT_FILE_0}\"\n";
			showEnvVarsInLog = 0;
		};
		57E23CD3E52C9FF652E5052F /* [CP] Check Pods Manifest.lock */ = {
			isa = PBXShellScriptBuildPhase;
			buildActionMask = 2147483647;
			files = (
			);
			inputFileListPaths = (
			);
			inputPaths = (
				"${PODS_PODFILE_DIR_PATH}/Podfile.lock",
				"${PODS_ROOT}/Manifest.lock",
			);
			name = "[CP] Check Pods Manifest.lock";
			outputFileListPaths = (
			);
			outputPaths = (
				"$(DERIVED_FILE_DIR)/Pods-flixsterTests-checkManifestLockResult.txt",
			);
			runOnlyForDeploymentPostprocessing = 0;
			shellPath = /bin/sh;
			shellScript = "diff \"${PODS_PODFILE_DIR_PATH}/Podfile.lock\" \"${PODS_ROOT}/Manifest.lock\" > /dev/null\nif [ $? != 0 ] ; then\n    # print error to STDERR\n    echo \"error: The sandbox is not in sync with the Podfile.lock. Run 'pod install' or update your CocoaPods installation.\" >&2\n    exit 1\nfi\n# This output is used by Xcode 'outputs' to avoid re-running this script phase.\necho \"SUCCESS\" > \"${SCRIPT_OUTPUT_FILE_0}\"\n";
			showEnvVarsInLog = 0;
		};
		819962C821C363565369F555 /* [CP] Embed Pods Frameworks */ = {
			isa = PBXShellScriptBuildPhase;
			buildActionMask = 2147483647;
			files = (
			);
			inputFileListPaths = (
				"${PODS_ROOT}/Target Support Files/Pods-flixster-flixsterUITests/Pods-flixster-flixsterUITests-frameworks-${CONFIGURATION}-input-files.xcfilelist",
			);
			name = "[CP] Embed Pods Frameworks";
			outputFileListPaths = (
				"${PODS_ROOT}/Target Support Files/Pods-flixster-flixsterUITests/Pods-flixster-flixsterUITests-frameworks-${CONFIGURATION}-output-files.xcfilelist",
			);
			runOnlyForDeploymentPostprocessing = 0;
			shellPath = /bin/sh;
			shellScript = "\"${PODS_ROOT}/Target Support Files/Pods-flixster-flixsterUITests/Pods-flixster-flixsterUITests-frameworks.sh\"\n";
			showEnvVarsInLog = 0;
		};
		F34226C4CD03494C0A3E6AC7 /* [CP] Check Pods Manifest.lock */ = {
			isa = PBXShellScriptBuildPhase;
			buildActionMask = 2147483647;
			files = (
			);
			inputFileListPaths = (
			);
			inputPaths = (
				"${PODS_PODFILE_DIR_PATH}/Podfile.lock",
				"${PODS_ROOT}/Manifest.lock",
			);
			name = "[CP] Check Pods Manifest.lock";
			outputFileListPaths = (
			);
			outputPaths = (
				"$(DERIVED_FILE_DIR)/Pods-flixster-flixsterUITests-checkManifestLockResult.txt",
			);
			runOnlyForDeploymentPostprocessing = 0;
			shellPath = /bin/sh;
			shellScript = "diff \"${PODS_PODFILE_DIR_PATH}/Podfile.lock\" \"${PODS_ROOT}/Manifest.lock\" > /dev/null\nif [ $? != 0 ] ; then\n    # print error to STDERR\n    echo \"error: The sandbox is not in sync with the Podfile.lock. Run 'pod install' or update your CocoaPods installation.\" >&2\n    exit 1\nfi\n# This output is used by Xcode 'outputs' to avoid re-running this script phase.\necho \"SUCCESS\" > \"${SCRIPT_OUTPUT_FILE_0}\"\n";
			showEnvVarsInLog = 0;
		};
/* End PBXShellScriptBuildPhase section */

/* Begin PBXSourcesBuildPhase section */
		5DAF869424467EB3003053D7 /* Sources */ = {
			isa = PBXSourcesBuildPhase;
			buildActionMask = 2147483647;
			files = (
				5DAF86A024467EB3003053D7 /* ViewController.swift in Sources */,
				5DAF869C24467EB3003053D7 /* AppDelegate.swift in Sources */,
				5D984EA7244A2B2500CECC37 /* MovieDetailsViewController.swift in Sources */,
				5DA35574244BD0DB00D95046 /* MovieGridViewController.swift in Sources */,
				5DA35578244E3FF100D95046 /* MovieGridCell.swift in Sources */,
				5DAF869E24467EB3003053D7 /* SceneDelegate.swift in Sources */,
				5DD24E6B2446C43F00F504C0 /* MovieCell.swift in Sources */,
				5DAF86CC24468152003053D7 /* MoviesViewController.swift in Sources */,
			);
			runOnlyForDeploymentPostprocessing = 0;
		};
		5DAF86AA24467EB6003053D7 /* Sources */ = {
			isa = PBXSourcesBuildPhase;
			buildActionMask = 2147483647;
			files = (
				5DAF86B324467EB6003053D7 /* flixsterTests.swift in Sources */,
			);
			runOnlyForDeploymentPostprocessing = 0;
		};
		5DAF86B524467EB6003053D7 /* Sources */ = {
			isa = PBXSourcesBuildPhase;
			buildActionMask = 2147483647;
			files = (
				5DAF86BE24467EB6003053D7 /* flixsterUITests.swift in Sources */,
			);
			runOnlyForDeploymentPostprocessing = 0;
		};
/* End PBXSourcesBuildPhase section */

/* Begin PBXTargetDependency section */
		5DAF86B024467EB6003053D7 /* PBXTargetDependency */ = {
			isa = PBXTargetDependency;
			target = 5DAF869724467EB3003053D7 /* flixster */;
			targetProxy = 5DAF86AF24467EB6003053D7 /* PBXContainerItemProxy */;
		};
		5DAF86BB24467EB6003053D7 /* PBXTargetDependency */ = {
			isa = PBXTargetDependency;
			target = 5DAF869724467EB3003053D7 /* flixster */;
			targetProxy = 5DAF86BA24467EB6003053D7 /* PBXContainerItemProxy */;
		};
/* End PBXTargetDependency section */

/* Begin PBXVariantGroup section */
		5DAF86A124467EB3003053D7 /* Main.storyboard */ = {
			isa = PBXVariantGroup;
			children = (
				5DAF86A224467EB3003053D7 /* Base */,
			);
			name = Main.storyboard;
			sourceTree = "<group>";
		};
		5DAF86A624467EB6003053D7 /* LaunchScreen.storyboard */ = {
			isa = PBXVariantGroup;
			children = (
				5DAF86A724467EB6003053D7 /* Base */,
			);
			name = LaunchScreen.storyboard;
			sourceTree = "<group>";
		};
/* End PBXVariantGroup section */

/* Begin XCBuildConfiguration section */
		5DAF86C024467EB6003053D7 /* Debug */ = {
			isa = XCBuildConfiguration;
			buildSettings = {
				ALWAYS_SEARCH_USER_PATHS = NO;
				CLANG_ANALYZER_NONNULL = YES;
				CLANG_ANALYZER_NUMBER_OBJECT_CONVERSION = YES_AGGRESSIVE;
				CLANG_CXX_LANGUAGE_STANDARD = "gnu++14";
				CLANG_CXX_LIBRARY = "libc++";
				CLANG_ENABLE_MODULES = YES;
				CLANG_ENABLE_OBJC_ARC = YES;
				CLANG_ENABLE_OBJC_WEAK = YES;
				CLANG_WARN_BLOCK_CAPTURE_AUTORELEASING = YES;
				CLANG_WARN_BOOL_CONVERSION = YES;
				CLANG_WARN_COMMA = YES;
				CLANG_WARN_CONSTANT_CONVERSION = YES;
				CLANG_WARN_DEPRECATED_OBJC_IMPLEMENTATIONS = YES;
				CLANG_WARN_DIRECT_OBJC_ISA_USAGE = YES_ERROR;
				CLANG_WARN_DOCUMENTATION_COMMENTS = YES;
				CLANG_WARN_EMPTY_BODY = YES;
				CLANG_WARN_ENUM_CONVERSION = YES;
				CLANG_WARN_INFINITE_RECURSION = YES;
				CLANG_WARN_INT_CONVERSION = YES;
				CLANG_WARN_NON_LITERAL_NULL_CONVERSION = YES;
				CLANG_WARN_OBJC_IMPLICIT_RETAIN_SELF = YES;
				CLANG_WARN_OBJC_LITERAL_CONVERSION = YES;
				CLANG_WARN_OBJC_ROOT_CLASS = YES_ERROR;
				CLANG_WARN_RANGE_LOOP_ANALYSIS = YES;
				CLANG_WARN_STRICT_PROTOTYPES = YES;
				CLANG_WARN_SUSPICIOUS_MOVE = YES;
				CLANG_WARN_UNGUARDED_AVAILABILITY = YES_AGGRESSIVE;
				CLANG_WARN_UNREACHABLE_CODE = YES;
				CLANG_WARN__DUPLICATE_METHOD_MATCH = YES;
				COPY_PHASE_STRIP = NO;
				DEBUG_INFORMATION_FORMAT = dwarf;
				ENABLE_STRICT_OBJC_MSGSEND = YES;
				ENABLE_TESTABILITY = YES;
				GCC_C_LANGUAGE_STANDARD = gnu11;
				GCC_DYNAMIC_NO_PIC = NO;
				GCC_NO_COMMON_BLOCKS = YES;
				GCC_OPTIMIZATION_LEVEL = 0;
				GCC_PREPROCESSOR_DEFINITIONS = (
					"DEBUG=1",
					"$(inherited)",
				);
				GCC_WARN_64_TO_32_BIT_CONVERSION = YES;
				GCC_WARN_ABOUT_RETURN_TYPE = YES_ERROR;
				GCC_WARN_UNDECLARED_SELECTOR = YES;
				GCC_WARN_UNINITIALIZED_AUTOS = YES_AGGRESSIVE;
				GCC_WARN_UNUSED_FUNCTION = YES;
				GCC_WARN_UNUSED_VARIABLE = YES;
				IPHONEOS_DEPLOYMENT_TARGET = 13.4;
				MTL_ENABLE_DEBUG_INFO = INCLUDE_SOURCE;
				MTL_FAST_MATH = YES;
				ONLY_ACTIVE_ARCH = YES;
				SDKROOT = iphoneos;
				SWIFT_ACTIVE_COMPILATION_CONDITIONS = DEBUG;
				SWIFT_OPTIMIZATION_LEVEL = "-Onone";
			};
			name = Debug;
		};
		5DAF86C124467EB6003053D7 /* Release */ = {
			isa = XCBuildConfiguration;
			buildSettings = {
				ALWAYS_SEARCH_USER_PATHS = NO;
				CLANG_ANALYZER_NONNULL = YES;
				CLANG_ANALYZER_NUMBER_OBJECT_CONVERSION = YES_AGGRESSIVE;
				CLANG_CXX_LANGUAGE_STANDARD = "gnu++14";
				CLANG_CXX_LIBRARY = "libc++";
				CLANG_ENABLE_MODULES = YES;
				CLANG_ENABLE_OBJC_ARC = YES;
				CLANG_ENABLE_OBJC_WEAK = YES;
				CLANG_WARN_BLOCK_CAPTURE_AUTORELEASING = YES;
				CLANG_WARN_BOOL_CONVERSION = YES;
				CLANG_WARN_COMMA = YES;
				CLANG_WARN_CONSTANT_CONVERSION = YES;
				CLANG_WARN_DEPRECATED_OBJC_IMPLEMENTATIONS = YES;
				CLANG_WARN_DIRECT_OBJC_ISA_USAGE = YES_ERROR;
				CLANG_WARN_DOCUMENTATION_COMMENTS = YES;
				CLANG_WARN_EMPTY_BODY = YES;
				CLANG_WARN_ENUM_CONVERSION = YES;
				CLANG_WARN_INFINITE_RECURSION = YES;
				CLANG_WARN_INT_CONVERSION = YES;
				CLANG_WARN_NON_LITERAL_NULL_CONVERSION = YES;
				CLANG_WARN_OBJC_IMPLICIT_RETAIN_SELF = YES;
				CLANG_WARN_OBJC_LITERAL_CONVERSION = YES;
				CLANG_WARN_OBJC_ROOT_CLASS = YES_ERROR;
				CLANG_WARN_RANGE_LOOP_ANALYSIS = YES;
				CLANG_WARN_STRICT_PROTOTYPES = YES;
				CLANG_WARN_SUSPICIOUS_MOVE = YES;
				CLANG_WARN_UNGUARDED_AVAILABILITY = YES_AGGRESSIVE;
				CLANG_WARN_UNREACHABLE_CODE = YES;
				CLANG_WARN__DUPLICATE_METHOD_MATCH = YES;
				COPY_PHASE_STRIP = NO;
				DEBUG_INFORMATION_FORMAT = "dwarf-with-dsym";
				ENABLE_NS_ASSERTIONS = NO;
				ENABLE_STRICT_OBJC_MSGSEND = YES;
				GCC_C_LANGUAGE_STANDARD = gnu11;
				GCC_NO_COMMON_BLOCKS = YES;
				GCC_WARN_64_TO_32_BIT_CONVERSION = YES;
				GCC_WARN_ABOUT_RETURN_TYPE = YES_ERROR;
				GCC_WARN_UNDECLARED_SELECTOR = YES;
				GCC_WARN_UNINITIALIZED_AUTOS = YES_AGGRESSIVE;
				GCC_WARN_UNUSED_FUNCTION = YES;
				GCC_WARN_UNUSED_VARIABLE = YES;
				IPHONEOS_DEPLOYMENT_TARGET = 13.4;
				MTL_ENABLE_DEBUG_INFO = NO;
				MTL_FAST_MATH = YES;
				SDKROOT = iphoneos;
				SWIFT_COMPILATION_MODE = wholemodule;
				SWIFT_OPTIMIZATION_LEVEL = "-O";
				VALIDATE_PRODUCT = YES;
			};
			name = Release;
		};
		5DAF86C324467EB6003053D7 /* Debug */ = {
			isa = XCBuildConfiguration;
			baseConfigurationReference = C0B865D3493BA5B046CA4851 /* Pods-flixster.debug.xcconfig */;
			buildSettings = {
				ASSETCATALOG_COMPILER_APPICON_NAME = AppIcon;
				CODE_SIGN_STYLE = Automatic;
				INFOPLIST_FILE = flixster/Info.plist;
				LD_RUNPATH_SEARCH_PATHS = (
					"$(inherited)",
					"@executable_path/Frameworks",
				);
				PRODUCT_BUNDLE_IDENTIFIER = com.magictechnology.flixster;
				PRODUCT_NAME = "$(TARGET_NAME)";
				SWIFT_VERSION = 5.0;
				TARGETED_DEVICE_FAMILY = "1,2";
			};
			name = Debug;
		};
		5DAF86C424467EB6003053D7 /* Release */ = {
			isa = XCBuildConfiguration;
			baseConfigurationReference = C3AF5D1691CD66B4CAE1BF77 /* Pods-flixster.release.xcconfig */;
			buildSettings = {
				ASSETCATALOG_COMPILER_APPICON_NAME = AppIcon;
				CODE_SIGN_STYLE = Automatic;
				INFOPLIST_FILE = flixster/Info.plist;
				LD_RUNPATH_SEARCH_PATHS = (
					"$(inherited)",
					"@executable_path/Frameworks",
				);
				PRODUCT_BUNDLE_IDENTIFIER = com.magictechnology.flixster;
				PRODUCT_NAME = "$(TARGET_NAME)";
				SWIFT_VERSION = 5.0;
				TARGETED_DEVICE_FAMILY = "1,2";
			};
			name = Release;
		};
		5DAF86C624467EB6003053D7 /* Debug */ = {
			isa = XCBuildConfiguration;
			baseConfigurationReference = 91A69CFAFCBC12DCE526E7DC /* Pods-flixsterTests.debug.xcconfig */;
			buildSettings = {
				ALWAYS_EMBED_SWIFT_STANDARD_LIBRARIES = YES;
				BUNDLE_LOADER = "$(TEST_HOST)";
				CODE_SIGN_STYLE = Automatic;
				INFOPLIST_FILE = flixsterTests/Info.plist;
				IPHONEOS_DEPLOYMENT_TARGET = 13.4;
				LD_RUNPATH_SEARCH_PATHS = (
					"$(inherited)",
					"@executable_path/Frameworks",
					"@loader_path/Frameworks",
				);
				PRODUCT_BUNDLE_IDENTIFIER = com.magictechnology.flixsterTests;
				PRODUCT_NAME = "$(TARGET_NAME)";
				SWIFT_VERSION = 5.0;
				TARGETED_DEVICE_FAMILY = "1,2";
				TEST_HOST = "$(BUILT_PRODUCTS_DIR)/flixster.app/flixster";
			};
			name = Debug;
		};
		5DAF86C724467EB6003053D7 /* Release */ = {
			isa = XCBuildConfiguration;
			baseConfigurationReference = B1E11FA088D8F9C716809BD5 /* Pods-flixsterTests.release.xcconfig */;
			buildSettings = {
				ALWAYS_EMBED_SWIFT_STANDARD_LIBRARIES = YES;
				BUNDLE_LOADER = "$(TEST_HOST)";
				CODE_SIGN_STYLE = Automatic;
				INFOPLIST_FILE = flixsterTests/Info.plist;
				IPHONEOS_DEPLOYMENT_TARGET = 13.4;
				LD_RUNPATH_SEARCH_PATHS = (
					"$(inherited)",
					"@executable_path/Frameworks",
					"@loader_path/Frameworks",
				);
				PRODUCT_BUNDLE_IDENTIFIER = com.magictechnology.flixsterTests;
				PRODUCT_NAME = "$(TARGET_NAME)";
				SWIFT_VERSION = 5.0;
				TARGETED_DEVICE_FAMILY = "1,2";
				TEST_HOST = "$(BUILT_PRODUCTS_DIR)/flixster.app/flixster";
			};
			name = Release;
		};
		5DAF86C924467EB6003053D7 /* Debug */ = {
			isa = XCBuildConfiguration;
			baseConfigurationReference = 31117F015BF06D6F78609808 /* Pods-flixster-flixsterUITests.debug.xcconfig */;
			buildSettings = {
				ALWAYS_EMBED_SWIFT_STANDARD_LIBRARIES = YES;
				CODE_SIGN_STYLE = Automatic;
				INFOPLIST_FILE = flixsterUITests/Info.plist;
				LD_RUNPATH_SEARCH_PATHS = (
					"$(inherited)",
					"@executable_path/Frameworks",
					"@loader_path/Frameworks",
				);
				PRODUCT_BUNDLE_IDENTIFIER = com.magictechnology.flixsterUITests;
				PRODUCT_NAME = "$(TARGET_NAME)";
				SWIFT_VERSION = 5.0;
				TARGETED_DEVICE_FAMILY = "1,2";
				TEST_TARGET_NAME = flixster;
			};
			name = Debug;
		};
		5DAF86CA24467EB6003053D7 /* Release */ = {
			isa = XCBuildConfiguration;
			baseConfigurationReference = 0A75E68570B8DFC3E0A4CA1B /* Pods-flixster-flixsterUITests.release.xcconfig */;
			buildSettings = {
				ALWAYS_EMBED_SWIFT_STANDARD_LIBRARIES = YES;
				CODE_SIGN_STYLE = Automatic;
				INFOPLIST_FILE = flixsterUITests/Info.plist;
				LD_RUNPATH_SEARCH_PATHS = (
					"$(inherited)",
					"@executable_path/Frameworks",
					"@loader_path/Frameworks",
				);
				PRODUCT_BUNDLE_IDENTIFIER = com.magictechnology.flixsterUITests;
				PRODUCT_NAME = "$(TARGET_NAME)";
				SWIFT_VERSION = 5.0;
				TARGETED_DEVICE_FAMILY = "1,2";
				TEST_TARGET_NAME = flixster;
			};
			name = Release;
		};
/* End XCBuildConfiguration section */

/* Begin XCConfigurationList section */
		5DAF869324467EB3003053D7 /* Build configuration list for PBXProject "flixster" */ = {
			isa = XCConfigurationList;
			buildConfigurations = (
				5DAF86C024467EB6003053D7 /* Debug */,
				5DAF86C124467EB6003053D7 /* Release */,
			);
			defaultConfigurationIsVisible = 0;
			defaultConfigurationName = Release;
		};
		5DAF86C224467EB6003053D7 /* Build configuration list for PBXNativeTarget "flixster" */ = {
			isa = XCConfigurationList;
			buildConfigurations = (
				5DAF86C324467EB6003053D7 /* Debug */,
				5DAF86C424467EB6003053D7 /* Release */,
			);
			defaultConfigurationIsVisible = 0;
			defaultConfigurationName = Release;
		};
		5DAF86C524467EB6003053D7 /* Build configuration list for PBXNativeTarget "flixsterTests" */ = {
			isa = XCConfigurationList;
			buildConfigurations = (
				5DAF86C624467EB6003053D7 /* Debug */,
				5DAF86C724467EB6003053D7 /* Release */,
			);
			defaultConfigurationIsVisible = 0;
			defaultConfigurationName = Release;
		};
		5DAF86C824467EB6003053D7 /* Build configuration list for PBXNativeTarget "flixsterUITests" */ = {
			isa = XCConfigurationList;
			buildConfigurations = (
				5DAF86C924467EB6003053D7 /* Debug */,
				5DAF86CA24467EB6003053D7 /* Release */,
			);
			defaultConfigurationIsVisible = 0;
			defaultConfigurationName = Release;
		};
/* End XCConfigurationList section */
	};
	rootObject = 5DAF869024467EB3003053D7 /* Project object */;
}
